// !$*UTF8*$!
{
	archiveVersion = 1;
	classes = {
	};
	objectVersion = 77;
	objects = {

/* Begin PBXBuildFile section */
		14215B90B9AD9BD101CBDC75 /* SettingsView.swift in Sources */ = {isa = PBXBuildFile; fileRef = C79BB32C75384596A2AE271E /* SettingsView.swift */; };
		27E199F517106B5A881BB6D5 /* BreakManager.swift in Sources */ = {isa = PBXBuildFile; fileRef = ADC66C4E18E0CE058CC313D0 /* BreakManager.swift */; };
		3429D6C0B566969AEF55F3CF /* Assets.xcassets in Resources */ = {isa = PBXBuildFile; fileRef = 99F9C1E9773C7C07D68F0589 /* Assets.xcassets */; };
		4A0BD930156F7396B64F83B3 /* OverlayWindowController.swift in Sources */ = {isa = PBXBuildFile; fileRef = 7BBE2FF1EC1A38362B8FE8F7 /* OverlayWindowController.swift */; };
		6447EC5B9B87899837613AE2 /* TakeABreakApp.swift in Sources */ = {isa = PBXBuildFile; fileRef = AECA16201D9A789F967070D9 /* TakeABreakApp.swift */; };
		86CD411DC207F79C43589313 /* OverlayView.swift in Sources */ = {isa = PBXBuildFile; fileRef = D5A1AA4A9380A98CEED15E5C /* OverlayView.swift */; };
		AED63599C3494C84FA400AE7 /* BreakManagerTests.swift in Sources */ = {isa = PBXBuildFile; fileRef = CEF1F580FBAEF7625BB7AF5E /* BreakManagerTests.swift */; };
/* End PBXBuildFile section */

/* Begin PBXContainerItemProxy section */
		8786929095C7BF11E7373CCA /* PBXContainerItemProxy */ = {
			isa = PBXContainerItemProxy;
			containerPortal = 45319D586E15AC32EE56FD1D /* Project object */;
			proxyType = 1;
			remoteGlobalIDString = AE1F144BFAF75BFF803E014B;
			remoteInfo = takeABreak;
		};
/* End PBXContainerItemProxy section */

/* Begin PBXFileReference section */
		68E04422DFBFD93A4C636D18 /* Info.plist */ = {isa = PBXFileReference; lastKnownFileType = text.plist; path = Info.plist; sourceTree = "<group>"; };
		6C8E832ED02C393599F122FA /* takeABreakTests.xctest */ = {isa = PBXFileReference; explicitFileType = wrapper.cfbundle; includeInIndex = 0; path = takeABreakTests.xctest; sourceTree = BUILT_PRODUCTS_DIR; };
		7BBE2FF1EC1A38362B8FE8F7 /* OverlayWindowController.swift */ = {isa = PBXFileReference; lastKnownFileType = sourcecode.swift; path = OverlayWindowController.swift; sourceTree = "<group>"; };
		8A57502070D023401BF8383C /* takeABreak.app */ = {isa = PBXFileReference; explicitFileType = wrapper.application; includeInIndex = 0; path = takeABreak.app; sourceTree = BUILT_PRODUCTS_DIR; };
		99F9C1E9773C7C07D68F0589 /* Assets.xcassets */ = {isa = PBXFileReference; lastKnownFileType = folder.assetcatalog; path = Assets.xcassets; sourceTree = "<group>"; };
		ADC66C4E18E0CE058CC313D0 /* BreakManager.swift */ = {isa = PBXFileReference; lastKnownFileType = sourcecode.swift; path = BreakManager.swift; sourceTree = "<group>"; };
		AECA16201D9A789F967070D9 /* TakeABreakApp.swift */ = {isa = PBXFileReference; lastKnownFileType = sourcecode.swift; path = TakeABreakApp.swift; sourceTree = "<group>"; };
		C79BB32C75384596A2AE271E /* SettingsView.swift */ = {isa = PBXFileReference; lastKnownFileType = sourcecode.swift; path = SettingsView.swift; sourceTree = "<group>"; };
		CEF1F580FBAEF7625BB7AF5E /* BreakManagerTests.swift */ = {isa = PBXFileReference; lastKnownFileType = sourcecode.swift; path = BreakManagerTests.swift; sourceTree = "<group>"; };
		D5A1AA4A9380A98CEED15E5C /* OverlayView.swift */ = {isa = PBXFileReference; lastKnownFileType = sourcecode.swift; path = OverlayView.swift; sourceTree = "<group>"; };
/* End PBXFileReference section */

/* Begin PBXGroup section */
		702AD89F48B2854FE804BDF3 = {
			isa = PBXGroup;
			children = (
				FFF6C7BFE889154BD3187388 /* takeABreak */,
				A60918B97E319147E07CDBCF /* takeABreakTests */,
				C0267CEE8F1AC4F815ED4EF1 /* Products */,
			);
			sourceTree = "<group>";
		};
		A60918B97E319147E07CDBCF /* takeABreakTests */ = {
			isa = PBXGroup;
			children = (
				CEF1F580FBAEF7625BB7AF5E /* BreakManagerTests.swift */,
			);
			path = takeABreakTests;
			sourceTree = "<group>";
		};
		C0267CEE8F1AC4F815ED4EF1 /* Products */ = {
			isa = PBXGroup;
			children = (
				8A57502070D023401BF8383C /* takeABreak.app */,
				6C8E832ED02C393599F122FA /* takeABreakTests.xctest */,
			);
			name = Products;
			sourceTree = "<group>";
		};
		FFF6C7BFE889154BD3187388 /* takeABreak */ = {
			isa = PBXGroup;
			children = (
				99F9C1E9773C7C07D68F0589 /* Assets.xcassets */,
				ADC66C4E18E0CE058CC313D0 /* BreakManager.swift */,
				68E04422DFBFD93A4C636D18 /* Info.plist */,
				D5A1AA4A9380A98CEED15E5C /* OverlayView.swift */,
				7BBE2FF1EC1A38362B8FE8F7 /* OverlayWindowController.swift */,
				C79BB32C75384596A2AE271E /* SettingsView.swift */,
				AECA16201D9A789F967070D9 /* TakeABreakApp.swift */,
			);
			path = takeABreak;
			sourceTree = "<group>";
		};
/* End PBXGroup section */

/* Begin PBXNativeTarget section */
		68365EA9278D3CE689A418C7 /* takeABreakTests */ = {
			isa = PBXNativeTarget;
			buildConfigurationList = E189306EC3A74A40A365A7FF /* Build configuration list for PBXNativeTarget "takeABreakTests" */;
			buildPhases = (
				C29A5596414C8A3A16FA201C /* Sources */,
			);
			buildRules = (
			);
			dependencies = (
				CDC605014E86B0087F311F10 /* PBXTargetDependency */,
			);
			name = takeABreakTests;
			packageProductDependencies = (
			);
			productName = takeABreakTests;
			productReference = 6C8E832ED02C393599F122FA /* takeABreakTests.xctest */;
			productType = "com.apple.product-type.bundle.unit-test";
		};
		AE1F144BFAF75BFF803E014B /* takeABreak */ = {
			isa = PBXNativeTarget;
			buildConfigurationList = 8B917EF53C1E40598DD38ACD /* Build configuration list for PBXNativeTarget "takeABreak" */;
			buildPhases = (
				617B6615A75943C5706407F5 /* Sources */,
				65093B10A54EE1EC7DB8A7F3 /* Resources */,
			);
			buildRules = (
			);
			dependencies = (
			);
			name = takeABreak;
			packageProductDependencies = (
			);
			productName = takeABreak;
			productReference = 8A57502070D023401BF8383C /* takeABreak.app */;
			productType = "com.apple.product-type.application";
		};
/* End PBXNativeTarget section */

/* Begin PBXProject section */
		45319D586E15AC32EE56FD1D /* Project object */ = {
			isa = PBXProject;
			attributes = {
				BuildIndependentTargetsInParallel = YES;
				LastUpgradeCheck = 1500;
			};
			buildConfigurationList = 2E230E51958B917CC710081B /* Build configuration list for PBXProject "takeABreak" */;
			compatibilityVersion = "Xcode 14.0";
			developmentRegion = en;
			hasScannedForEncodings = 0;
			knownRegions = (
				Base,
				en,
			);
			mainGroup = 702AD89F48B2854FE804BDF3;
			minimizedProjectReferenceProxies = 1;
			preferredProjectObjectVersion = 77;
			projectDirPath = "";
			projectRoot = "";
			targets = (
				AE1F144BFAF75BFF803E014B /* takeABreak */,
				68365EA9278D3CE689A418C7 /* takeABreakTests */,
			);
		};
/* End PBXProject section */

/* Begin PBXResourcesBuildPhase section */
		65093B10A54EE1EC7DB8A7F3 /* Resources */ = {
			isa = PBXResourcesBuildPhase;
			buildActionMask = 2147483647;
			files = (
				3429D6C0B566969AEF55F3CF /* Assets.xcassets in Resources */,
			);
			runOnlyForDeploymentPostprocessing = 0;
		};
/* End PBXResourcesBuildPhase section */

/* Begin PBXSourcesBuildPhase section */
		617B6615A75943C5706407F5 /* Sources */ = {
			isa = PBXSourcesBuildPhase;
			buildActionMask = 2147483647;
			files = (
				27E199F517106B5A881BB6D5 /* BreakManager.swift in Sources */,
				86CD411DC207F79C43589313 /* OverlayView.swift in Sources */,
				4A0BD930156F7396B64F83B3 /* OverlayWindowController.swift in Sources */,
				14215B90B9AD9BD101CBDC75 /* SettingsView.swift in Sources */,
				6447EC5B9B87899837613AE2 /* TakeABreakApp.swift in Sources */,
			);
			runOnlyForDeploymentPostprocessing = 0;
		};
		C29A5596414C8A3A16FA201C /* Sources */ = {
			isa = PBXSourcesBuildPhase;
			buildActionMask = 2147483647;
			files = (
				AED63599C3494C84FA400AE7 /* BreakManagerTests.swift in Sources */,
			);
			runOnlyForDeploymentPostprocessing = 0;
		};
/* End PBXSourcesBuildPhase section */

/* Begin PBXTargetDependency section */
		CDC605014E86B0087F311F10 /* PBXTargetDependency */ = {
			isa = PBXTargetDependency;
			target = AE1F144BFAF75BFF803E014B /* takeABreak */;
			targetProxy = 8786929095C7BF11E7373CCA /* PBXContainerItemProxy */;
		};
/* End PBXTargetDependency section */

/* Begin XCBuildConfiguration section */
		0E3881D7D266DB882793EBB6 /* Release */ = {
			isa = XCBuildConfiguration;
			buildSettings = {
				ALWAYS_SEARCH_USER_PATHS = NO;
				CLANG_ANALYZER_NONNULL = YES;
				CLANG_ANALYZER_NUMBER_OBJECT_CONVERSION = YES_AGGRESSIVE;
				CLANG_CXX_LANGUAGE_STANDARD = "gnu++14";
				CLANG_CXX_LIBRARY = "libc++";
				CLANG_ENABLE_MODULES = YES;
				CLANG_ENABLE_OBJC_ARC = YES;
				CLANG_ENABLE_OBJC_WEAK = YES;
				CLANG_WARN_BLOCK_CAPTURE_AUTORELEASING = YES;
				CLANG_WARN_BOOL_CONVERSION = YES;
				CLANG_WARN_COMMA = YES;
				CLANG_WARN_CONSTANT_CONVERSION = YES;
				CLANG_WARN_DEPRECATED_OBJC_IMPLEMENTATIONS = YES;
				CLANG_WARN_DIRECT_OBJC_ISA_USAGE = YES_ERROR;
				CLANG_WARN_DOCUMENTATION_COMMENTS = YES;
				CLANG_WARN_EMPTY_BODY = YES;
				CLANG_WARN_ENUM_CONVERSION = YES;
				CLANG_WARN_INFINITE_RECURSION = YES;
				CLANG_WARN_INT_CONVERSION = YES;
				CLANG_WARN_NON_LITERAL_NULL_CONVERSION = YES;
				CLANG_WARN_OBJC_IMPLICIT_RETAIN_SELF = YES;
				CLANG_WARN_OBJC_LITERAL_CONVERSION = YES;
				CLANG_WARN_OBJC_ROOT_CLASS = YES_ERROR;
				CLANG_WARN_QUOTED_INCLUDE_IN_FRAMEWORK_HEADER = YES;
				CLANG_WARN_RANGE_LOOP_ANALYSIS = YES;
				CLANG_WARN_STRICT_PROTOTYPES = YES;
				CLANG_WARN_SUSPICIOUS_MOVE = YES;
				CLANG_WARN_UNGUARDED_AVAILABILITY = YES_AGGRESSIVE;
				CLANG_WARN_UNREACHABLE_CODE = YES;
				CLANG_WARN__DUPLICATE_METHOD_MATCH = YES;
				COPY_PHASE_STRIP = NO;
				DEBUG_INFORMATION_FORMAT = "dwarf-with-dsym";
				ENABLE_NS_ASSERTIONS = NO;
				ENABLE_STRICT_OBJC_MSGSEND = YES;
				GCC_C_LANGUAGE_STANDARD = gnu11;
				GCC_NO_COMMON_BLOCKS = YES;
				GCC_WARN_64_TO_32_BIT_CONVERSION = YES;
				GCC_WARN_ABOUT_RETURN_TYPE = YES_ERROR;
				GCC_WARN_UNDECLARED_SELECTOR = YES;
				GCC_WARN_UNINITIALIZED_AUTOS = YES_AGGRESSIVE;
				GCC_WARN_UNUSED_FUNCTION = YES;
				GCC_WARN_UNUSED_VARIABLE = YES;
				MACOSX_DEPLOYMENT_TARGET = 14.0;
				MTL_ENABLE_DEBUG_INFO = NO;
				MTL_FAST_MATH = YES;
				PRODUCT_NAME = "$(TARGET_NAME)";
				SDKROOT = macosx;
				SWIFT_COMPILATION_MODE = wholemodule;
				SWIFT_OPTIMIZATION_LEVEL = "-O";
				SWIFT_VERSION = 5.0;
			};
			name = Release;
		};
		21CDC5C6AF09FADAEC594A7B /* Debug */ = {
			isa = XCBuildConfiguration;
			buildSettings = {
				ASSETCATALOG_COMPILER_APPICON_NAME = AppIcon;
				CODE_SIGNING_REQUIRED = NO;
				CODE_SIGN_IDENTITY = "-";
				COMBINE_HIDPI_IMAGES = YES;
				GENERATE_INFOPLIST_FILE = NO;
				INFOPLIST_FILE = takeABreak/Info.plist;
				LD_RUNPATH_SEARCH_PATHS = (
					"$(inherited)",
					"@executable_path/../Frameworks",
				);
				MACOSX_DEPLOYMENT_TARGET = 14.0;
				PRODUCT_BUNDLE_IDENTIFIER = com.takeabreak.app;
				PRODUCT_NAME = "Take a Break";
				SDKROOT = macosx;
				SWIFT_VERSION = 5.0;
			};
			name = Debug;
		};
		429E842BA1758F1E4C687B59 /* Debug */ = {
			isa = XCBuildConfiguration;
			buildSettings = {
				BUNDLE_LOADER = "$(TEST_HOST)";
				CODE_SIGNING_REQUIRED = NO;
				CODE_SIGN_IDENTITY = "-";
				COMBINE_HIDPI_IMAGES = YES;
				GENERATE_INFOPLIST_FILE = YES;
				LD_RUNPATH_SEARCH_PATHS = (
					"$(inherited)",
					"@executable_path/../Frameworks",
					"@loader_path/../Frameworks",
				);
				PRODUCT_BUNDLE_IDENTIFIER = com.takeabreak.tests;
				SDKROOT = macosx;
				SWIFT_VERSION = 5.0;
				TEST_HOST = "$(BUILT_PRODUCTS_DIR)/Take a Break.app/Contents/MacOS/Take a Break";
			};
			name = Debug;
		};
		4E28C25AF26A2B3FE10F9216 /* Release */ = {
			isa = XCBuildConfiguration;
			buildSettings = {
				ASSETCATALOG_COMPILER_APPICON_NAME = AppIcon;
				CODE_SIGNING_REQUIRED = NO;
				CODE_SIGN_IDENTITY = "-";
				COMBINE_HIDPI_IMAGES = YES;
				GENERATE_INFOPLIST_FILE = NO;
				INFOPLIST_FILE = takeABreak/Info.plist;
				LD_RUNPATH_SEARCH_PATHS = (
					"$(inherited)",
					"@executable_path/../Frameworks",
				);
				MACOSX_DEPLOYMENT_TARGET = 14.0;
				PRODUCT_BUNDLE_IDENTIFIER = com.takeabreak.app;
				PRODUCT_NAME = "Take a Break";
				SDKROOT = macosx;
				SWIFT_VERSION = 5.0;
			};
			name = Release;
		};
		8D3F2F4009C99FFF9FF8FF82 /* Debug */ = {
			isa = XCBuildConfiguration;
			buildSettings = {
				ALWAYS_SEARCH_USER_PATHS = NO;
				CLANG_ANALYZER_NONNULL = YES;
				CLANG_ANALYZER_NUMBER_OBJECT_CONVERSION = YES_AGGRESSIVE;
				CLANG_CXX_LANGUAGE_STANDARD = "gnu++14";
				CLANG_CXX_LIBRARY = "libc++";
				CLANG_ENABLE_MODULES = YES;
				CLANG_ENABLE_OBJC_ARC = YES;
				CLANG_ENABLE_OBJC_WEAK = YES;
				CLANG_WARN_BLOCK_CAPTURE_AUTORELEASING = YES;
				CLANG_WARN_BOOL_CONVERSION = YES;
				CLANG_WARN_COMMA = YES;
				CLANG_WARN_CONSTANT_CONVERSION = YES;
				CLANG_WARN_DEPRECATED_OBJC_IMPLEMENTATIONS = YES;
				CLANG_WARN_DIRECT_OBJC_ISA_USAGE = YES_ERROR;
				CLANG_WARN_DOCUMENTATION_COMMENTS = YES;
				CLANG_WARN_EMPTY_BODY = YES;
				CLANG_WARN_ENUM_CONVERSION = YES;
				CLANG_WARN_INFINITE_RECURSION = YES;
				CLANG_WARN_INT_CONVERSION = YES;
				CLANG_WARN_NON_LITERAL_NULL_CONVERSION = YES;
				CLANG_WARN_OBJC_IMPLICIT_RETAIN_SELF = YES;
				CLANG_WARN_OBJC_LITERAL_CONVERSION = YES;
				CLANG_WARN_OBJC_ROOT_CLASS = YES_ERROR;
				CLANG_WARN_QUOTED_INCLUDE_IN_FRAMEWORK_HEADER = YES;
				CLANG_WARN_RANGE_LOOP_ANALYSIS = YES;
				CLANG_WARN_STRICT_PROTOTYPES = YES;
				CLANG_WARN_SUSPICIOUS_MOVE = YES;
				CLANG_WARN_UNGUARDED_AVAILABILITY = YES_AGGRESSIVE;
				CLANG_WARN_UNREACHABLE_CODE = YES;
				CLANG_WARN__DUPLICATE_METHOD_MATCH = YES;
				COPY_PHASE_STRIP = NO;
				DEBUG_INFORMATION_FORMAT = dwarf;
				ENABLE_STRICT_OBJC_MSGSEND = YES;
				ENABLE_TESTABILITY = YES;
				GCC_C_LANGUAGE_STANDARD = gnu11;
				GCC_DYNAMIC_NO_PIC = NO;
				GCC_NO_COMMON_BLOCKS = YES;
				GCC_OPTIMIZATION_LEVEL = 0;
				GCC_PREPROCESSOR_DEFINITIONS = (
					"$(inherited)",
					"DEBUG=1",
				);
				GCC_WARN_64_TO_32_BIT_CONVERSION = YES;
				GCC_WARN_ABOUT_RETURN_TYPE = YES_ERROR;
				GCC_WARN_UNDECLARED_SELECTOR = YES;
				GCC_WARN_UNINITIALIZED_AUTOS = YES_AGGRESSIVE;
				GCC_WARN_UNUSED_FUNCTION = YES;
				GCC_WARN_UNUSED_VARIABLE = YES;
				MACOSX_DEPLOYMENT_TARGET = 14.0;
				MTL_ENABLE_DEBUG_INFO = INCLUDE_SOURCE;
				MTL_FAST_MATH = YES;
				ONLY_ACTIVE_ARCH = YES;
				PRODUCT_NAME = "$(TARGET_NAME)";
				SDKROOT = macosx;
				SWIFT_ACTIVE_COMPILATION_CONDITIONS = DEBUG;
				SWIFT_OPTIMIZATION_LEVEL = "-Onone";
				SWIFT_VERSION = 5.0;
			};
			name = Debug;
		};
		D9EC7608B319185F03797949 /* Release */ = {
			isa = XCBuildConfiguration;
			buildSettings = {
				BUNDLE_LOADER = "$(TEST_HOST)";
				CODE_SIGNING_REQUIRED = NO;
				CODE_SIGN_IDENTITY = "-";
				COMBINE_HIDPI_IMAGES = YES;
				GENERATE_INFOPLIST_FILE = YES;
				LD_RUNPATH_SEARCH_PATHS = (
					"$(inherited)",
					"@executable_path/../Frameworks",
					"@loader_path/../Frameworks",
				);
				PRODUCT_BUNDLE_IDENTIFIER = com.takeabreak.tests;
				SDKROOT = macosx;
				SWIFT_VERSION = 5.0;
				TEST_HOST = "$(BUILT_PRODUCTS_DIR)/Take a Break.app/Contents/MacOS/Take a Break";
			};
			name = Release;
		};
/* End XCBuildConfiguration section */

/* Begin XCConfigurationList section */
		2E230E51958B917CC710081B /* Build configuration list for PBXProject "takeABreak" */ = {
			isa = XCConfigurationList;
			buildConfigurations = (
				8D3F2F4009C99FFF9FF8FF82 /* Debug */,
				0E3881D7D266DB882793EBB6 /* Release */,
			);
			defaultConfigurationIsVisible = 0;
			defaultConfigurationName = Debug;
		};
		8B917EF53C1E40598DD38ACD /* Build configuration list for PBXNativeTarget "takeABreak" */ = {
			isa = XCConfigurationList;
			buildConfigurations = (
				21CDC5C6AF09FADAEC594A7B /* Debug */,
				4E28C25AF26A2B3FE10F9216 /* Release */,
			);
			defaultConfigurationIsVisible = 0;
			defaultConfigurationName = Debug;
		};
		E189306EC3A74A40A365A7FF /* Build configuration list for PBXNativeTarget "takeABreakTests" */ = {
			isa = XCConfigurationList;
			buildConfigurations = (
				429E842BA1758F1E4C687B59 /* Debug */,
				D9EC7608B319185F03797949 /* Release */,
			);
			defaultConfigurationIsVisible = 0;
			defaultConfigurationName = Debug;
		};
/* End XCConfigurationList section */
	};
	rootObject = 45319D586E15AC32EE56FD1D /* Project object */;
}
